
Microsoft Visual Studio Solution File, Format Version 11.00
# Visual Studio 2010
Project("{FAE04EC0-301F-11D3-BF4B-00C04F79EFBC}") = "OverratedExample", "OverratedExample\OverratedExample\OverratedExample.csproj", "{DA809ABE-4705-4932-87FF-7E0BF72EC691}"
EndProject
Project("{96E2B04D-8817-42C6-938A-82C39BA4D311}") = "OverratedExampleContent", "OverratedExample\OverratedExampleContent\OverratedExampleContent.contentproj", "{49E7702D-B2CB-4771-9FEB-0773D8750DDD}"
EndProject
Project("{FAE04EC0-301F-11D3-BF4B-00C04F79EFBC}") = "OverratedEngine", "..\OverratedEngine\OverratedEngine\OverratedEngine.csproj", "{80864A5D-D5AD-4AB9-96F2-DAAC433FDE29}"
EndProject
Global
	GlobalSection(SolutionConfigurationPlatforms) = preSolution
		Debug|Windows Phone = Debug|Windows Phone
		Release|Windows Phone = Release|Windows Phone
	EndGlobalSection
	GlobalSection(ProjectConfigurationPlatforms) = postSolution
		{DA809ABE-4705-4932-87FF-7E0BF72EC691}.Debug|Windows Phone.ActiveCfg = Debug|Windows Phone
		{DA809ABE-4705-4932-87FF-7E0BF72EC691}.Debug|Windows Phone.Build.0 = Debug|Windows Phone
		{DA809ABE-4705-4932-87FF-7E0BF72EC691}.Debug|Windows Phone.Deploy.0 = Debug|Windows Phone
		{DA809ABE-4705-4932-87FF-7E0BF72EC691}.Release|Windows Phone.ActiveCfg = Release|Windows Phone
		{DA809ABE-4705-4932-87FF-7E0BF72EC691}.Release|Windows Phone.Build.0 = Release|Windows Phone
		{DA809ABE-4705-4932-87FF-7E0BF72EC691}.Release|Windows Phone.Deploy.0 = Release|Windows Phone
		{49E7702D-B2CB-4771-9FEB-0773D8750DDD}.Debug|Windows Phone.ActiveCfg = Debug|Windows Phone
		{49E7702D-B2CB-4771-9FEB-0773D8750DDD}.Release|Windows Phone.ActiveCfg = Release|Windows Phone
		{80864A5D-D5AD-4AB9-96F2-DAAC433FDE29}.Debug|Windows Phone.ActiveCfg = Debug|Windows Phone
		{80864A5D-D5AD-4AB9-96F2-DAAC433FDE29}.Debug|Windows Phone.Build.0 = Debug|Windows Phone
		{80864A5D-D5AD-4AB9-96F2-DAAC433FDE29}.Release|Windows Phone.ActiveCfg = Release|Windows Phone
		{80864A5D-D5AD-4AB9-96F2-DAAC433FDE29}.Release|Windows Phone.Build.0 = Release|Windows Phone
	EndGlobalSection
	GlobalSection(SolutionProperties) = preSolution
		HideSolutionNode = FALSE
	EndGlobalSection
EndGlobal
